
Microsoft Visual Studio Solution File, Format Version 11.00
# Visual Studio 2010
Project("{F184B08F-C81C-45F6-A57F-5ABD9991F28F}") = "HotelReservationSystem", "WindowsApplication2\HotelReservationSystem.vbproj", "{062FE00E-7C73-40EB-B97C-6D85684A9996}"
EndProject
Global
	GlobalSection(SolutionConfigurationPlatforms) = preSolution
		Debug|x86 = Debug|x86
		Release|x86 = Release|x86
	EndGlobalSection
	GlobalSection(ProjectConfigurationPlatforms) = postSolution
		{062FE00E-7C73-40EB-B97C-6D85684A9996}.Debug|x86.ActiveCfg = Debug|x86
		{062FE00E-7C73-40EB-B97C-6D85684A9996}.Debug|x86.Build.0 = Debug|x86
		{062FE00E-7C73-40EB-B97C-6D85684A9996}.Release|x86.ActiveCfg = Release|x86
		{062FE00E-7C73-40EB-B97C-6D85684A9996}.Release|x86.Build.0 = Release|x86
	EndGlobalSection
	GlobalSection(SolutionProperties) = preSolution
		HideSolutionNode = FALSE
	EndGlobalSection
EndGlobal
